
Microsoft Visual Studio Solution File, Format Version 12.00
# Visual Studio 15
VisualStudioVersion = 15.0.27130.2020
MinimumVisualStudioVersion = 10.0.40219.1
Project("{9A19103F-16F7-4668-BE54-9A1E7A4F7556}") = "Jtsdk.Core.Library", "Jtsdk.Core.Library\Jtsdk.Core.Library.csproj", "{3FC1123C-3DDA-4282-906E-E74AD3F5961D}"
EndProject
Project("{9A19103F-16F7-4668-BE54-9A1E7A4F7556}") = "Jtsdk.Core.Options", "Jtsdk.Core.Options\Jtsdk.Core.Options.csproj", "{AFCE985E-EE63-4771-910D-C54767A4E993}"
EndProject
Global
	GlobalSection(SolutionConfigurationPlatforms) = preSolution
		Debug|Any CPU = Debug|Any CPU
		Release|Any CPU = Release|Any CPU
	EndGlobalSection
	GlobalSection(ProjectConfigurationPlatforms) = postSolution
		{3FC1123C-3DDA-4282-906E-E74AD3F5961D}.Debug|Any CPU.ActiveCfg = Debug|Any CPU
		{3FC1123C-3DDA-4282-906E-E74AD3F5961D}.Debug|Any CPU.Build.0 = Debug|Any CPU
		{3FC1123C-3DDA-4282-906E-E74AD3F5961D}.Release|Any CPU.ActiveCfg = Release|Any CPU
		{3FC1123C-3DDA-4282-906E-E74AD3F5961D}.Release|Any CPU.Build.0 = Release|Any CPU
		{AFCE985E-EE63-4771-910D-C54767A4E993}.Debug|Any CPU.ActiveCfg = Debug|Any CPU
		{AFCE985E-EE63-4771-910D-C54767A4E993}.Debug|Any CPU.Build.0 = Debug|Any CPU
		{AFCE985E-EE63-4771-910D-C54767A4E993}.Release|Any CPU.ActiveCfg = Release|Any CPU
		{AFCE985E-EE63-4771-910D-C54767A4E993}.Release|Any CPU.Build.0 = Release|Any CPU
	EndGlobalSection
	GlobalSection(SolutionProperties) = preSolution
		HideSolutionNode = FALSE
	EndGlobalSection
	GlobalSection(ExtensibilityGlobals) = postSolution
		SolutionGuid = {5855D5FD-A1B5-4A15-B91A-33344FBE45B0}
	EndGlobalSection
EndGlobal
